
Microsoft Visual Studio Solution File, Format Version 12.00
# Visual Studio Version 17
VisualStudioVersion = 17.10.35122.118
MinimumVisualStudioVersion = 10.0.40219.1
Project("{9A19103F-16F7-4668-BE54-9A1E7A4F7556}") = "RG_Store.PLL", "Pro\RG_Store.PLL.csproj", "{5E08B267-449B-4EC2-A2CB-4A1935BA0467}"
EndProject
Project("{9A19103F-16F7-4668-BE54-9A1E7A4F7556}") = "RG_Store.BLL", "RG_Store.BLL\RG_Store.BLL.csproj", "{1DC3581D-B3BD-4BA5-907E-450C6BBAA800}"
EndProject
Project("{FAE04EC0-301F-11D3-BF4B-00C04F79EFBC}") = "RG_Store.DAL", "RG_Store.DAL\RG_Store.DAL.csproj", "{79E5DFDE-03BC-431A-91E3-FDC47A38E69E}"
EndProject
Global
	GlobalSection(SolutionConfigurationPlatforms) = preSolution
		Debug|Any CPU = Debug|Any CPU
		Release|Any CPU = Release|Any CPU
	EndGlobalSection
	GlobalSection(ProjectConfigurationPlatforms) = postSolution
		{5E08B267-449B-4EC2-A2CB-4A1935BA0467}.Debug|Any CPU.ActiveCfg = Debug|Any CPU
		{5E08B267-449B-4EC2-A2CB-4A1935BA0467}.Debug|Any CPU.Build.0 = Debug|Any CPU
		{5E08B267-449B-4EC2-A2CB-4A1935BA0467}.Release|Any CPU.ActiveCfg = Release|Any CPU
		{5E08B267-449B-4EC2-A2CB-4A1935BA0467}.Release|Any CPU.Build.0 = Release|Any CPU
		{1DC3581D-B3BD-4BA5-907E-450C6BBAA800}.Debug|Any CPU.ActiveCfg = Debug|Any CPU
		{1DC3581D-B3BD-4BA5-907E-450C6BBAA800}.Debug|Any CPU.Build.0 = Debug|Any CPU
		{1DC3581D-B3BD-4BA5-907E-450C6BBAA800}.Release|Any CPU.ActiveCfg = Release|Any CPU
		{1DC3581D-B3BD-4BA5-907E-450C6BBAA800}.Release|Any CPU.Build.0 = Release|Any CPU
		{79E5DFDE-03BC-431A-91E3-FDC47A38E69E}.Debug|Any CPU.ActiveCfg = Debug|Any CPU
		{79E5DFDE-03BC-431A-91E3-FDC47A38E69E}.Debug|Any CPU.Build.0 = Debug|Any CPU
		{79E5DFDE-03BC-431A-91E3-FDC47A38E69E}.Release|Any CPU.ActiveCfg = Release|Any CPU
		{79E5DFDE-03BC-431A-91E3-FDC47A38E69E}.Release|Any CPU.Build.0 = Release|Any CPU
	EndGlobalSection
	GlobalSection(SolutionProperties) = preSolution
		HideSolutionNode = FALSE
	EndGlobalSection
	GlobalSection(ExtensibilityGlobals) = postSolution
		SolutionGuid = {BB41BFB0-8F8F-4040-93AA-B50A4B469B75}
	EndGlobalSection
EndGlobal
